
Microsoft Visual Studio Solution File, Format Version 12.00
# Visual Studio 15
Project("{FAE04EC0-301F-11D3-BF4B-00C04F79EFBC}") = "Unity.XR.Interaction.Toolkit.Samples.StarterAssets", "Unity.XR.Interaction.Toolkit.Samples.StarterAssets.csproj", "{09FB870F-54EC-E549-ABD2-61D05492725C}"
EndProject
Project("{FAE04EC0-301F-11D3-BF4B-00C04F79EFBC}") = "Assembly-CSharp", "Assembly-CSharp.csproj", "{4476865F-B4C3-D863-0AD9-55915AADFE62}"
EndProject
Project("{FAE04EC0-301F-11D3-BF4B-00C04F79EFBC}") = "Unity.XR.Interaction.Toolkit.Samples.StarterAssets.Editor", "Unity.XR.Interaction.Toolkit.Samples.StarterAssets.Editor.csproj", "{E6F0E012-5B63-BEAC-1931-43BC642020B7}"
EndProject
Global
	GlobalSection(SolutionConfigurationPlatforms) = preSolution
		Debug|Any CPU = Debug|Any CPU
		Release|Any CPU = Release|Any CPU
	EndGlobalSection
	GlobalSection(ProjectConfigurationPlatforms) = postSolution
		{09FB870F-54EC-E549-ABD2-61D05492725C}.Debug|Any CPU.ActiveCfg = Debug|Any CPU
		{09FB870F-54EC-E549-ABD2-61D05492725C}.Debug|Any CPU.Build.0 = Debug|Any CPU
		{09FB870F-54EC-E549-ABD2-61D05492725C}.Release|Any CPU.ActiveCfg = Release|Any CPU
		{09FB870F-54EC-E549-ABD2-61D05492725C}.Release|Any CPU.Build.0 = Release|Any CPU
		{4476865F-B4C3-D863-0AD9-55915AADFE62}.Debug|Any CPU.ActiveCfg = Debug|Any CPU
		{4476865F-B4C3-D863-0AD9-55915AADFE62}.Debug|Any CPU.Build.0 = Debug|Any CPU
		{4476865F-B4C3-D863-0AD9-55915AADFE62}.Release|Any CPU.ActiveCfg = Release|Any CPU
		{4476865F-B4C3-D863-0AD9-55915AADFE62}.Release|Any CPU.Build.0 = Release|Any CPU
		{E6F0E012-5B63-BEAC-1931-43BC642020B7}.Debug|Any CPU.ActiveCfg = Debug|Any CPU
		{E6F0E012-5B63-BEAC-1931-43BC642020B7}.Debug|Any CPU.Build.0 = Debug|Any CPU
		{E6F0E012-5B63-BEAC-1931-43BC642020B7}.Release|Any CPU.ActiveCfg = Release|Any CPU
		{E6F0E012-5B63-BEAC-1931-43BC642020B7}.Release|Any CPU.Build.0 = Release|Any CPU
	EndGlobalSection
	GlobalSection(SolutionProperties) = preSolution
		HideSolutionNode = FALSE
	EndGlobalSection
EndGlobal
